Microsoft Visual Studio Solution File, Format Version 12.00
# Visual Studio Version 16
VisualStudioVersion = 16.0.29926.136
MinimumVisualStudioVersion = 10.0.40219.1
Project("{2150E333-8FDC-42A3-9474-1A3956D46DE8}") = "Services", "Services", "{16CE9045-8D1C-4B3C-9AD9-BD7A656E9652}"
EndProject
Project("{2150E333-8FDC-42A3-9474-1A3956D46DE8}") = "scripts", "scripts", "{589EF132-DE46-4F50-9A7C-4DE6AF72A000}"
	ProjectSection(SolutionItems) = preProject
		scripts\host-infrastructure.yml = scripts\host-infrastructure.yml
		scripts\infrastructure.yml = scripts\infrastructure.yml
		scripts\services.yml = scripts\services.yml
	EndProjectSection
EndProject
Project("{2150E333-8FDC-42A3-9474-1A3956D46DE8}") = "Identity", "Identity", "{2F2EE8C9-B029-4591-8AA1-3DE62F7C7294}"
EndProject
Project("{2150E333-8FDC-42A3-9474-1A3956D46DE8}") = "Course", "Course", "{417119AF-9A51-45B0-8A94-CF168767FD27}"
EndProject
Project("{2150E333-8FDC-42A3-9474-1A3956D46DE8}") = "Subscription", "Subscription", "{550BA2BB-81C1-477C-9030-D5D56AF602A6}"
EndProject
Project("{2150E333-8FDC-42A3-9474-1A3956D46DE8}") = "Web", "Web", "{13C0E863-F9F5-4A62-946A-CAAF004CF74A}"
EndProject
Project("{9A19103F-16F7-4668-BE54-9A1E7A4F7556}") = "Pluralsight.Services.Identity.Api", "Services\Identity\src\Pluralsight.Services.Identity.Api\Pluralsight.Services.Identity.Api.csproj", "{B17F12DE-26F5-477C-8AE0-8C3E301D4C4A}"
EndProject
Project("{9A19103F-16F7-4668-BE54-9A1E7A4F7556}") = "Pluralsight.Services.Identity.Application", "Services\Identity\src\Pluralsight.Services.Identity.Application\Pluralsight.Services.Identity.Application.csproj", "{BBA348BF-2CC9-4410-96BC-57F524704074}"
EndProject
Project("{9A19103F-16F7-4668-BE54-9A1E7A4F7556}") = "Pluralsight.Services.Identity.Core", "Services\Identity\src\Pluralsight.Services.Identity.Core\Pluralsight.Services.Identity.Core.csproj", "{F7D99027-77CD-412E-8731-D11D33F124C8}"
EndProject
Project("{9A19103F-16F7-4668-BE54-9A1E7A4F7556}") = "Pluralsight.Services.Identity.Infrastructure", "Services\Identity\src\Pluralsight.Services.Identity.Infrastructure\Pluralsight.Services.Identity.Infrastructure.csproj", "{6BEE559A-713B-44A3-B60C-52DA2CE6C36F}"
EndProject
Project("{9A19103F-16F7-4668-BE54-9A1E7A4F7556}") = "Pluralsight.Services.Courses.Api", "Services\Courses\src\Pluralsight.Services.Courses.Api\Pluralsight.Services.Courses.Api.csproj", "{3E19BA5E-C6AB-4DE3-AC5A-8CA18622DA7C}"
EndProject
Project("{9A19103F-16F7-4668-BE54-9A1E7A4F7556}") = "Pluralsight.Services.Courses.Application", "Services\Courses\src\Pluralsight.Services.Courses.Application\Pluralsight.Services.Courses.Application.csproj", "{523F9C6E-27D8-4FA2-9BC3-77854CFA88DD}"
EndProject
Project("{9A19103F-16F7-4668-BE54-9A1E7A4F7556}") = "Pluralsight.Services.Courses.Core", "Services\Courses\src\Pluralsight.Services.Courses.Core\Pluralsight.Services.Courses.Core.csproj", "{C8623128-2598-4C8F-A880-13D043E6755D}"
EndProject
Project("{9A19103F-16F7-4668-BE54-9A1E7A4F7556}") = "Pluralsight.Services.Courses.Infrastructure", "Services\Courses\src\Pluralsight.Services.Courses.Infrastructure\Pluralsight.Services.Courses.Infrastructure.csproj", "{7EE999BD-ED3F-4BCB-8F76-4FE503731A40}"
EndProject
Project("{9A19103F-16F7-4668-BE54-9A1E7A4F7556}") = "Pluralsight.Services.Subscription.Api", "Services\Subscription\src\Pluralsight.Services.Subscription.Api\Pluralsight.Services.Subscription.Api.csproj", "{9A411995-A820-41C7-8FF7-CD27C798E353}"
EndProject
Project("{9A19103F-16F7-4668-BE54-9A1E7A4F7556}") = "Pluralsight.Services.Subscription.Application", "Services\Subscription\src\Pluralsight.Services.Subscription.Application\Pluralsight.Services.Subscription.Application.csproj", "{F0D00470-F713-4A93-AE0A-666BCE5AAD0B}"
EndProject
Project("{9A19103F-16F7-4668-BE54-9A1E7A4F7556}") = "Pluralsight.Services.Subscription.Core", "Services\Subscription\src\Pluralsight.Services.Subscription.Core\Pluralsight.Services.Subscription.Core.csproj", "{06006CAF-7190-4779-8666-9C8AA0035478}"
EndProject
Project("{9A19103F-16F7-4668-BE54-9A1E7A4F7556}") = "Pluralsight.Services.Subscription.Infrastructure", "Services\Subscription\src\Pluralsight.Services.Subscription.Infrastructure\Pluralsight.Services.Subscription.Infrastructure.csproj", "{27765337-6498-452F-87AE-81A350E6B4C1}"
EndProject
Project("{9A19103F-16F7-4668-BE54-9A1E7A4F7556}") = "Pluralsight.Web", "Services\Web\src\Pluralsight.Web\Pluralsight.Web.csproj", "{AC9B2EBB-CC43-44D5-8D70-227C88669D32}"
EndProject
Project("{2150E333-8FDC-42A3-9474-1A3956D46DE8}") = "rabbitmq", "rabbitmq", "{9C00FB98-5600-4908-A072-831E3C92DAA4}"
	ProjectSection(SolutionItems) = preProject
		scripts\rabbitmq\Dockerfile = scripts\rabbitmq\Dockerfile
		scripts\rabbitmq\plugins = scripts\rabbitmq\plugins
	EndProjectSection
EndProject
Project("{2150E333-8FDC-42A3-9474-1A3956D46DE8}") = "host-prometheus", "host-prometheus", "{43006CF0-0EB7-43F4-8986-2F0E30F5964F}"
	ProjectSection(SolutionItems) = preProject
		scripts\host-prometheus\Dockerfile = scripts\host-prometheus\Dockerfile
		scripts\host-prometheus\prometheus.yml = scripts\host-prometheus\prometheus.yml
	EndProjectSection
EndProject
Project("{2150E333-8FDC-42A3-9474-1A3956D46DE8}") = "Gateway", "Gateway", "{2E4FA8EA-DCC9-4A2D-9614-0A2755D15F4F}"
EndProject
Project("{9A19103F-16F7-4668-BE54-9A1E7A4F7556}") = "Pluralsight.APIGateway", "Services\Gateway\src\Pluralsight.APIGateway\Pluralsight.APIGateway.csproj", "{CDBA808F-D6BD-48C8-9746-31537EA9FE7D}"
EndProject
Global
	GlobalSection(SolutionConfigurationPlatforms) = preSolution
		Debug|Any CPU = Debug|Any CPU
		Release|Any CPU = Release|Any CPU
	EndGlobalSection
	GlobalSection(ProjectConfigurationPlatforms) = postSolution
		{B17F12DE-26F5-477C-8AE0-8C3E301D4C4A}.Debug|Any CPU.ActiveCfg = Debug|Any CPU
		{B17F12DE-26F5-477C-8AE0-8C3E301D4C4A}.Debug|Any CPU.Build.0 = Debug|Any CPU
		{B17F12DE-26F5-477C-8AE0-8C3E301D4C4A}.Release|Any CPU.ActiveCfg = Release|Any CPU
		{B17F12DE-26F5-477C-8AE0-8C3E301D4C4A}.Release|Any CPU.Build.0 = Release|Any CPU
		{BBA348BF-2CC9-4410-96BC-57F524704074}.Debug|Any CPU.ActiveCfg = Debug|Any CPU
		{BBA348BF-2CC9-4410-96BC-57F524704074}.Debug|Any CPU.Build.0 = Debug|Any CPU
		{BBA348BF-2CC9-4410-96BC-57F524704074}.Release|Any CPU.ActiveCfg = Release|Any CPU
		{BBA348BF-2CC9-4410-96BC-57F524704074}.Release|Any CPU.Build.0 = Release|Any CPU
		{F7D99027-77CD-412E-8731-D11D33F124C8}.Debug|Any CPU.ActiveCfg = Debug|Any CPU
		{F7D99027-77CD-412E-8731-D11D33F124C8}.Debug|Any CPU.Build.0 = Debug|Any CPU
		{F7D99027-77CD-412E-8731-D11D33F124C8}.Release|Any CPU.ActiveCfg = Release|Any CPU
		{F7D99027-77CD-412E-8731-D11D33F124C8}.Release|Any CPU.Build.0 = Release|Any CPU
		{6BEE559A-713B-44A3-B60C-52DA2CE6C36F}.Debug|Any CPU.ActiveCfg = Debug|Any CPU
		{6BEE559A-713B-44A3-B60C-52DA2CE6C36F}.Debug|Any CPU.Build.0 = Debug|Any CPU
		{6BEE559A-713B-44A3-B60C-52DA2CE6C36F}.Release|Any CPU.ActiveCfg = Release|Any CPU
		{6BEE559A-713B-44A3-B60C-52DA2CE6C36F}.Release|Any CPU.Build.0 = Release|Any CPU
		{3E19BA5E-C6AB-4DE3-AC5A-8CA18622DA7C}.Debug|Any CPU.ActiveCfg = Debug|Any CPU
		{3E19BA5E-C6AB-4DE3-AC5A-8CA18622DA7C}.Debug|Any CPU.Build.0 = Debug|Any CPU
		{3E19BA5E-C6AB-4DE3-AC5A-8CA18622DA7C}.Release|Any CPU.ActiveCfg = Release|Any CPU
		{3E19BA5E-C6AB-4DE3-AC5A-8CA18622DA7C}.Release|Any CPU.Build.0 = Release|Any CPU
		{523F9C6E-27D8-4FA2-9BC3-77854CFA88DD}.Debug|Any CPU.ActiveCfg = Debug|Any CPU
		{523F9C6E-27D8-4FA2-9BC3-77854CFA88DD}.Debug|Any CPU.Build.0 = Debug|Any CPU
		{523F9C6E-27D8-4FA2-9BC3-77854CFA88DD}.Release|Any CPU.ActiveCfg = Release|Any CPU
		{523F9C6E-27D8-4FA2-9BC3-77854CFA88DD}.Release|Any CPU.Build.0 = Release|Any CPU
		{C8623128-2598-4C8F-A880-13D043E6755D}.Debug|Any CPU.ActiveCfg = Debug|Any CPU
		{C8623128-2598-4C8F-A880-13D043E6755D}.Debug|Any CPU.Build.0 = Debug|Any CPU
		{C8623128-2598-4C8F-A880-13D043E6755D}.Release|Any CPU.ActiveCfg = Release|Any CPU
		{C8623128-2598-4C8F-A880-13D043E6755D}.Release|Any CPU.Build.0 = Release|Any CPU
		{7EE999BD-ED3F-4BCB-8F76-4FE503731A40}.Debug|Any CPU.ActiveCfg = Debug|Any CPU
		{7EE999BD-ED3F-4BCB-8F76-4FE503731A40}.Debug|Any CPU.Build.0 = Debug|Any CPU
		{7EE999BD-ED3F-4BCB-8F76-4FE503731A40}.Release|Any CPU.ActiveCfg = Release|Any CPU
		{7EE999BD-ED3F-4BCB-8F76-4FE503731A40}.Release|Any CPU.Build.0 = Release|Any CPU
		{9A411995-A820-41C7-8FF7-CD27C798E353}.Debug|Any CPU.ActiveCfg = Debug|Any CPU
		{9A411995-A820-41C7-8FF7-CD27C798E353}.Debug|Any CPU.Build.0 = Debug|Any CPU
		{9A411995-A820-41C7-8FF7-CD27C798E353}.Release|Any CPU.ActiveCfg = Release|Any CPU
		{9A411995-A820-41C7-8FF7-CD27C798E353}.Release|Any CPU.Build.0 = Release|Any CPU
		{F0D00470-F713-4A93-AE0A-666BCE5AAD0B}.Debug|Any CPU.ActiveCfg = Debug|Any CPU
		{F0D00470-F713-4A93-AE0A-666BCE5AAD0B}.Debug|Any CPU.Build.0 = Debug|Any CPU
		{F0D00470-F713-4A93-AE0A-666BCE5AAD0B}.Release|Any CPU.ActiveCfg = Release|Any CPU
		{F0D00470-F713-4A93-AE0A-666BCE5AAD0B}.Release|Any CPU.Build.0 = Release|Any CPU
		{06006CAF-7190-4779-8666-9C8AA0035478}.Debug|Any CPU.ActiveCfg = Debug|Any CPU
		{06006CAF-7190-4779-8666-9C8AA0035478}.Debug|Any CPU.Build.0 = Debug|Any CPU
		{06006CAF-7190-4779-8666-9C8AA0035478}.Release|Any CPU.ActiveCfg = Release|Any CPU
		{06006CAF-7190-4779-8666-9C8AA0035478}.Release|Any CPU.Build.0 = Release|Any CPU
		{27765337-6498-452F-87AE-81A350E6B4C1}.Debug|Any CPU.ActiveCfg = Debug|Any CPU
		{27765337-6498-452F-87AE-81A350E6B4C1}.Debug|Any CPU.Build.0 = Debug|Any CPU
		{27765337-6498-452F-87AE-81A350E6B4C1}.Release|Any CPU.ActiveCfg = Release|Any CPU
		{27765337-6498-452F-87AE-81A350E6B4C1}.Release|Any CPU.Build.0 = Release|Any CPU
		{AC9B2EBB-CC43-44D5-8D70-227C88669D32}.Debug|Any CPU.ActiveCfg = Debug|Any CPU
		{AC9B2EBB-CC43-44D5-8D70-227C88669D32}.Debug|Any CPU.Build.0 = Debug|Any CPU
		{AC9B2EBB-CC43-44D5-8D70-227C88669D32}.Release|Any CPU.ActiveCfg = Release|Any CPU
		{AC9B2EBB-CC43-44D5-8D70-227C88669D32}.Release|Any CPU.Build.0 = Release|Any CPU
		{CDBA808F-D6BD-48C8-9746-31537EA9FE7D}.Debug|Any CPU.ActiveCfg = Debug|Any CPU
		{CDBA808F-D6BD-48C8-9746-31537EA9FE7D}.Debug|Any CPU.Build.0 = Debug|Any CPU
		{CDBA808F-D6BD-48C8-9746-31537EA9FE7D}.Release|Any CPU.ActiveCfg = Release|Any CPU
		{CDBA808F-D6BD-48C8-9746-31537EA9FE7D}.Release|Any CPU.Build.0 = Release|Any CPU
	EndGlobalSection
	GlobalSection(SolutionProperties) = preSolution
		HideSolutionNode = FALSE
	EndGlobalSection
	GlobalSection(NestedProjects) = preSolution
		{2F2EE8C9-B029-4591-8AA1-3DE62F7C7294} = {16CE9045-8D1C-4B3C-9AD9-BD7A656E9652}
		{417119AF-9A51-45B0-8A94-CF168767FD27} = {16CE9045-8D1C-4B3C-9AD9-BD7A656E9652}
		{550BA2BB-81C1-477C-9030-D5D56AF602A6} = {16CE9045-8D1C-4B3C-9AD9-BD7A656E9652}
		{13C0E863-F9F5-4A62-946A-CAAF004CF74A} = {16CE9045-8D1C-4B3C-9AD9-BD7A656E9652}
		{B17F12DE-26F5-477C-8AE0-8C3E301D4C4A} = {2F2EE8C9-B029-4591-8AA1-3DE62F7C7294}
		{BBA348BF-2CC9-4410-96BC-57F524704074} = {2F2EE8C9-B029-4591-8AA1-3DE62F7C7294}
		{F7D99027-77CD-412E-8731-D11D33F124C8} = {2F2EE8C9-B029-4591-8AA1-3DE62F7C7294}
		{6BEE559A-713B-44A3-B60C-52DA2CE6C36F} = {2F2EE8C9-B029-4591-8AA1-3DE62F7C7294}
		{3E19BA5E-C6AB-4DE3-AC5A-8CA18622DA7C} = {417119AF-9A51-45B0-8A94-CF168767FD27}
		{523F9C6E-27D8-4FA2-9BC3-77854CFA88DD} = {417119AF-9A51-45B0-8A94-CF168767FD27}
		{C8623128-2598-4C8F-A880-13D043E6755D} = {417119AF-9A51-45B0-8A94-CF168767FD27}
		{7EE999BD-ED3F-4BCB-8F76-4FE503731A40} = {417119AF-9A51-45B0-8A94-CF168767FD27}
		{9A411995-A820-41C7-8FF7-CD27C798E353} = {550BA2BB-81C1-477C-9030-D5D56AF602A6}
		{F0D00470-F713-4A93-AE0A-666BCE5AAD0B} = {550BA2BB-81C1-477C-9030-D5D56AF602A6}
		{06006CAF-7190-4779-8666-9C8AA0035478} = {550BA2BB-81C1-477C-9030-D5D56AF602A6}
		{27765337-6498-452F-87AE-81A350E6B4C1} = {550BA2BB-81C1-477C-9030-D5D56AF602A6}
		{AC9B2EBB-CC43-44D5-8D70-227C88669D32} = {13C0E863-F9F5-4A62-946A-CAAF004CF74A}
		{9C00FB98-5600-4908-A072-831E3C92DAA4} = {589EF132-DE46-4F50-9A7C-4DE6AF72A000}
		{43006CF0-0EB7-43F4-8986-2F0E30F5964F} = {589EF132-DE46-4F50-9A7C-4DE6AF72A000}
		{2E4FA8EA-DCC9-4A2D-9614-0A2755D15F4F} = {16CE9045-8D1C-4B3C-9AD9-BD7A656E9652}
		{CDBA808F-D6BD-48C8-9746-31537EA9FE7D} = {2E4FA8EA-DCC9-4A2D-9614-0A2755D15F4F}
	EndGlobalSection
	GlobalSection(ExtensibilityGlobals) = postSolution
		SolutionGuid = {703A65FE-E7CA-409C-9543-CF86F28926D0}
	EndGlobalSection
EndGlobal
